# This file is automatically @generated by Cargo.
# It is not intended for manual editing.
version = 4

[[package]]
name = "inscribe-abi"
version = "0.1.0"

[[package]]
name = "inscribe-ast"
version = "0.1.0"

[[package]]
name = "inscribe-cli"
version = "0.1.0"
dependencies = [
 "inscribe-session",
]

[[package]]
name = "inscribe-codegen"
version = "0.1.0"
dependencies = [
 "inscribe-abi",
 "inscribe-mir",
 "inscribe-sandbox",
]

[[package]]
name = "inscribe-comptime"
version = "0.1.0"
dependencies = [
 "inscribe-mir",
]

[[package]]
name = "inscribe-debug"
version = "0.1.0"
dependencies = [
 "inscribe-ast",
 "inscribe-hir",
 "inscribe-mir",
]

[[package]]
name = "inscribe-ffi"
version = "0.1.0"
dependencies = [
 "inscribe-abi",
]

[[package]]
name = "inscribe-hir"
version = "0.1.0"
dependencies = [
 "inscribe-ast",
 "inscribe-lexer",
 "inscribe-parser",
 "inscribe-resolve",
 "inscribe-typeck",
]

[[package]]
name = "inscribe-incremental"
version = "0.1.0"
dependencies = [
 "inscribe-session",
]

[[package]]
name = "inscribe-lexer"
version = "0.1.0"

[[package]]
name = "inscribe-mir"
version = "0.1.0"
dependencies = [
 "inscribe-ast",
 "inscribe-hir",
 "inscribe-lexer",
 "inscribe-parser",
 "inscribe-resolve",
 "inscribe-typeck",
]

[[package]]
name = "inscribe-parser"
version = "0.1.0"
dependencies = [
 "inscribe-ast",
 "inscribe-lexer",
 "inscribe-session",
]

[[package]]
name = "inscribe-resolve"
version = "0.1.0"
dependencies = [
 "inscribe-ast",
 "inscribe-session",
]

[[package]]
name = "inscribe-sandbox"
version = "0.1.0"

[[package]]
name = "inscribe-session"
version = "0.1.0"

[[package]]
name = "inscribe-typeck"
version = "0.1.0"
dependencies = [
 "inscribe-ast",
 "inscribe-resolve",
 "inscribe-session",
]
